
Microsoft Visual Studio Solution File, Format Version 12.00
# Visual Studio Version 17
VisualStudioVersion = 17.6.33829.357
MinimumVisualStudioVersion = 10.0.40219.1
Project("{FAE04EC0-301F-11D3-BF4B-00C04F79EFBC}") = "Parcial1", "Parcial1\Parcial1.csproj", "{E38C0054-CDBA-4F4D-A3EC-0037DBAC4789}"
EndProject
Global
	GlobalSection(SolutionConfigurationPlatforms) = preSolution
		Debug|Any CPU = Debug|Any CPU
		Release|Any CPU = Release|Any CPU
	EndGlobalSection
	GlobalSection(ProjectConfigurationPlatforms) = postSolution
		{E38C0054-CDBA-4F4D-A3EC-0037DBAC4789}.Debug|Any CPU.ActiveCfg = Debug|Any CPU
		{E38C0054-CDBA-4F4D-A3EC-0037DBAC4789}.Debug|Any CPU.Build.0 = Debug|Any CPU
		{E38C0054-CDBA-4F4D-A3EC-0037DBAC4789}.Release|Any CPU.ActiveCfg = Release|Any CPU
		{E38C0054-CDBA-4F4D-A3EC-0037DBAC4789}.Release|Any CPU.Build.0 = Release|Any CPU
	EndGlobalSection
	GlobalSection(SolutionProperties) = preSolution
		HideSolutionNode = FALSE
	EndGlobalSection
	GlobalSection(ExtensibilityGlobals) = postSolution
		SolutionGuid = {3666A725-7BFB-4245-B8EB-C1AF0A5F8241}
	EndGlobalSection
EndGlobal
